{
  "object": {
    "pins": [
      {
        "package": "AnyCodable",
        "repositoryURL": "https://github.com/Flight-School/AnyCodable",
        "state": {
          "branch": null,
          "revision": "b1a7a8a6186f2fcb28f7bda67cfc545de48b3c80",
          "version": "0.6.2"
        }
      },
      {
        "package": "Cuckoo",
        "repositoryURL": "https://github.com/Brightify/Cuckoo",
        "state": {
          "branch": null,
          "revision": "39e05cdf563f90be1652483ce7731d5be45c7153",
          "version": "1.5.1"
        }
      },
      {
        "package": "CwlCatchException",
        "repositoryURL": "https://github.com/mattgallagher/CwlCatchException.git",
        "state": {
          "branch": null,
          "revision": "35f9e770f54ce62dd8526470f14c6e137cef3eea",
          "version": "2.1.1"
        }
      },
      {
        "package": "CwlPreconditionTesting",
        "repositoryURL": "https://github.com/mattgallagher/CwlPreconditionTesting.git",
        "state": {
          "branch": null,
          "revision": "fb7a26374e8570ff5c68142e5c83406d6abae0d8",
          "version": "2.0.2"
        }
      },
      {
        "package": "Nimble",
        "repositoryURL": "https://github.com/quick/nimble",
        "state": {
          "branch": null,
          "revision": "c93f16c25af5770f0d3e6af27c9634640946b068",
          "version": "9.2.1"
        }
      },
      {
        "package": "PromiseKit",
        "repositoryURL": "https://github.com/mxcl/PromiseKit",
        "state": {
          "branch": null,
          "revision": "2ff97931d2721ecae9f94d8cbf4cf853a7d79180",
          "version": "6.16.0"
        }
      },
      {
        "package": "RWLock",
        "repositoryURL": "https://github.com/grype/RWLock-Swift",
        "state": {
          "branch": null,
          "revision": "fc7781a5b696c9e26942d8175b7d2363cd2d3680",
          "version": "1.0.0"
        }
      },
      {
        "package": "SwiftAnnouncements",
        "repositoryURL": "https://github.com/grype/SwiftAnnouncements",
        "state": {
          "branch": null,
          "revision": "dedf28cd49da4ad893fefdc135b50c8e034966c6",
          "version": "1.0.4"
        }
      },
      {
        "package": "Beacon",
        "repositoryURL": "https://github.com/grype/SwiftBeacon",
        "state": {
          "branch": "filtering-by-type",
          "revision": "2c4e85d8a8ef1a61e8442c67642bbede88e26782",
          "version": null
        }
      }
    ]
  },
  "version": 1
}
